
Microsoft Visual Studio Solution File, Format Version 12.00
# Visual Studio Version 17
VisualStudioVersion = 17.8.34408.163
MinimumVisualStudioVersion = 10.0.40219.1
Project("{9A19103F-16F7-4668-BE54-9A1E7A4F7556}") = "Blasphemous.Multiplayer.Client", "Blasphemous.Multiplayer.Client\Blasphemous.Multiplayer.Client.csproj", "{472A1BB0-350B-46B8-9999-3F0A747D73BE}"
EndProject
Project("{FAE04EC0-301F-11D3-BF4B-00C04F79EFBC}") = "Blasphemous.Multiplayer.Server", "Blasphemous.Multiplayer.Server\Blasphemous.Multiplayer.Server.csproj", "{D8AE07D2-A732-481C-B087-3B0E6CCF1EF7}"
EndProject
Project("{FAE04EC0-301F-11D3-BF4B-00C04F79EFBC}") = "Blasphemous.Multiplayer.Common", "Blasphemous.Multiplayer.Common\Blasphemous.Multiplayer.Common.csproj", "{DE78F476-9922-4C2D-A89A-9F9A15840D9D}"
EndProject
Global
	GlobalSection(SolutionConfigurationPlatforms) = preSolution
		Debug|Any CPU = Debug|Any CPU
		Release|Any CPU = Release|Any CPU
	EndGlobalSection
	GlobalSection(ProjectConfigurationPlatforms) = postSolution
		{472A1BB0-350B-46B8-9999-3F0A747D73BE}.Debug|Any CPU.ActiveCfg = Debug|Any CPU
		{472A1BB0-350B-46B8-9999-3F0A747D73BE}.Debug|Any CPU.Build.0 = Debug|Any CPU
		{472A1BB0-350B-46B8-9999-3F0A747D73BE}.Release|Any CPU.ActiveCfg = Release|Any CPU
		{472A1BB0-350B-46B8-9999-3F0A747D73BE}.Release|Any CPU.Build.0 = Release|Any CPU
		{D8AE07D2-A732-481C-B087-3B0E6CCF1EF7}.Debug|Any CPU.ActiveCfg = Debug|Any CPU
		{D8AE07D2-A732-481C-B087-3B0E6CCF1EF7}.Debug|Any CPU.Build.0 = Debug|Any CPU
		{D8AE07D2-A732-481C-B087-3B0E6CCF1EF7}.Release|Any CPU.ActiveCfg = Release|Any CPU
		{D8AE07D2-A732-481C-B087-3B0E6CCF1EF7}.Release|Any CPU.Build.0 = Release|Any CPU
		{DE78F476-9922-4C2D-A89A-9F9A15840D9D}.Debug|Any CPU.ActiveCfg = Debug|Any CPU
		{DE78F476-9922-4C2D-A89A-9F9A15840D9D}.Debug|Any CPU.Build.0 = Debug|Any CPU
		{DE78F476-9922-4C2D-A89A-9F9A15840D9D}.Release|Any CPU.ActiveCfg = Release|Any CPU
		{DE78F476-9922-4C2D-A89A-9F9A15840D9D}.Release|Any CPU.Build.0 = Release|Any CPU
	EndGlobalSection
	GlobalSection(SolutionProperties) = preSolution
		HideSolutionNode = FALSE
	EndGlobalSection
	GlobalSection(ExtensibilityGlobals) = postSolution
		SolutionGuid = {EF27ADA8-CF8C-45FA-8E60-3069475C6083}
	EndGlobalSection
EndGlobal
